
Microsoft Visual Studio Solution File, Format Version 12.00
# Visual Studio Version 17
VisualStudioVersion = 17.5.002.0
MinimumVisualStudioVersion = 10.0.40219.1
Project("{9A19103F-16F7-4668-BE54-9A1E7A4F7556}") = "FakeData", "FakeData\FakeData.csproj", "{4691C275-53D6-42CE-AD87-70CC09AE93F5}"
EndProject
Project("{2150E333-8FDC-42A3-9474-1A3956D46DE8}") = "Routing", "Routing", "{DB0220C8-9A32-42C8-B890-B438B807010C}"
EndProject
Project("{9A19103F-16F7-4668-BE54-9A1E7A4F7556}") = "FakeData", "Routing\FakeData\FakeData.csproj", "{E6501128-0A30-425D-AF44-BCA59B2DB434}"
EndProject
Project("{9A19103F-16F7-4668-BE54-9A1E7A4F7556}") = "publisher", "Routing\publisher\publisher.csproj", "{2E5AA527-D5F3-4CC3-A9CE-49EC236836FD}"
EndProject
Project("{9A19103F-16F7-4668-BE54-9A1E7A4F7556}") = "consumerA", "Routing\consumerA\consumerA.csproj", "{564A4D16-44B3-412F-96E8-1C1B466A30F9}"
EndProject
Project("{9A19103F-16F7-4668-BE54-9A1E7A4F7556}") = "consumerB", "Routing\consumerB\consumerB.csproj", "{463D3132-B38D-4789-8E18-E6D4DEA8F12E}"
EndProject
Project("{2150E333-8FDC-42A3-9474-1A3956D46DE8}") = "Hello World", "Hello World", "{AA648027-40E8-44E3-97F7-1A78BA929EAD}"
EndProject
Project("{9A19103F-16F7-4668-BE54-9A1E7A4F7556}") = "consumer", "Hello World\consumer\consumer.csproj", "{508A3B21-FE67-46A9-8E86-E1E7476A574A}"
EndProject
Project("{9A19103F-16F7-4668-BE54-9A1E7A4F7556}") = "publisher", "Hello World\publisher\publisher.csproj", "{D8F010C6-4C7F-4553-B7E8-8D42C04C2788}"
EndProject
Project("{2150E333-8FDC-42A3-9474-1A3956D46DE8}") = "Work Queues", "Work Queues", "{781F1031-3399-4DE2-BD71-4325FC3E396E}"
EndProject
Project("{9A19103F-16F7-4668-BE54-9A1E7A4F7556}") = "FakeData", "Work Queues\FakeData\FakeData.csproj", "{B6638849-D8CB-457D-899D-3E7E52E11FDC}"
EndProject
Project("{9A19103F-16F7-4668-BE54-9A1E7A4F7556}") = "worker", "Work Queues\worker\worker.csproj", "{A88E20E8-5EB0-44A2-9667-0C99B0FA8226}"
EndProject
Project("{9A19103F-16F7-4668-BE54-9A1E7A4F7556}") = "publisher", "Work Queues\publisher\publisher.csproj", "{759103F7-1AE9-4BE7-9C22-7EE55E92221D}"
EndProject
Project("{2150E333-8FDC-42A3-9474-1A3956D46DE8}") = "Publish-Subscribe", "Publish-Subscribe", "{B0796FFB-E82F-4C38-AD08-0ADC0B3B39D1}"
EndProject
Project("{9A19103F-16F7-4668-BE54-9A1E7A4F7556}") = "FakeData", "Publish-Subscribe\FakeData\FakeData.csproj", "{148E66BF-780F-4592-B4F5-11AC21BC8892}"
EndProject
Project("{9A19103F-16F7-4668-BE54-9A1E7A4F7556}") = "publisher", "Publish-Subscribe\publisher\publisher.csproj", "{560FFAC4-46DE-4969-BF74-70EAE190F635}"
EndProject
Project("{9A19103F-16F7-4668-BE54-9A1E7A4F7556}") = "subscriber", "Publish-Subscribe\subscriber\subscriber.csproj", "{EE1371A3-2C88-4188-A754-744C12975582}"
EndProject
Project("{2150E333-8FDC-42A3-9474-1A3956D46DE8}") = "Topics", "Topics", "{A92091C0-9850-47D8-BD90-94650BC5D77F}"
EndProject
Project("{9A19103F-16F7-4668-BE54-9A1E7A4F7556}") = "FakeData", "Topics\FakeData\FakeData.csproj", "{9A4103E6-B85A-4294-AE4F-A3DAD65C0E1C}"
EndProject
Project("{9A19103F-16F7-4668-BE54-9A1E7A4F7556}") = "publisher", "Topics\publisher\publisher.csproj", "{D171ECAD-830D-4874-A511-E764D2B81D6C}"
EndProject
Project("{9A19103F-16F7-4668-BE54-9A1E7A4F7556}") = "consumerA", "Topics\consumerA\consumerA.csproj", "{E3047495-A456-4D14-BAED-D2D8995E596C}"
EndProject
Project("{9A19103F-16F7-4668-BE54-9A1E7A4F7556}") = "consumerB", "Topics\consumerB\consumerB.csproj", "{3B951B34-0673-4F9B-A544-8B9D6AFCED76}"
EndProject
Project("{2150E333-8FDC-42A3-9474-1A3956D46DE8}") = "RPC", "RPC", "{5682F014-CB31-41FD-A1CF-78A667EE53CA}"
EndProject
Project("{9A19103F-16F7-4668-BE54-9A1E7A4F7556}") = "RPCClient", "RPC\RPCClient\RPCClient.csproj", "{F960630F-9D34-4DA9-81E7-E262A47503BD}"
EndProject
Project("{9A19103F-16F7-4668-BE54-9A1E7A4F7556}") = "RPCServer", "RPC\RPCServer\RPCServer.csproj", "{357A1D30-CA50-4E9F-A819-BAD6F6DC345E}"
EndProject
Global
	GlobalSection(SolutionConfigurationPlatforms) = preSolution
		Debug|Any CPU = Debug|Any CPU
		Release|Any CPU = Release|Any CPU
	EndGlobalSection
	GlobalSection(ProjectConfigurationPlatforms) = postSolution
		{4691C275-53D6-42CE-AD87-70CC09AE93F5}.Debug|Any CPU.ActiveCfg = Debug|Any CPU
		{4691C275-53D6-42CE-AD87-70CC09AE93F5}.Debug|Any CPU.Build.0 = Debug|Any CPU
		{4691C275-53D6-42CE-AD87-70CC09AE93F5}.Release|Any CPU.ActiveCfg = Release|Any CPU
		{4691C275-53D6-42CE-AD87-70CC09AE93F5}.Release|Any CPU.Build.0 = Release|Any CPU
		{E6501128-0A30-425D-AF44-BCA59B2DB434}.Debug|Any CPU.ActiveCfg = Debug|Any CPU
		{E6501128-0A30-425D-AF44-BCA59B2DB434}.Debug|Any CPU.Build.0 = Debug|Any CPU
		{E6501128-0A30-425D-AF44-BCA59B2DB434}.Release|Any CPU.ActiveCfg = Release|Any CPU
		{E6501128-0A30-425D-AF44-BCA59B2DB434}.Release|Any CPU.Build.0 = Release|Any CPU
		{2E5AA527-D5F3-4CC3-A9CE-49EC236836FD}.Debug|Any CPU.ActiveCfg = Debug|Any CPU
		{2E5AA527-D5F3-4CC3-A9CE-49EC236836FD}.Debug|Any CPU.Build.0 = Debug|Any CPU
		{2E5AA527-D5F3-4CC3-A9CE-49EC236836FD}.Release|Any CPU.ActiveCfg = Release|Any CPU
		{2E5AA527-D5F3-4CC3-A9CE-49EC236836FD}.Release|Any CPU.Build.0 = Release|Any CPU
		{564A4D16-44B3-412F-96E8-1C1B466A30F9}.Debug|Any CPU.ActiveCfg = Debug|Any CPU
		{564A4D16-44B3-412F-96E8-1C1B466A30F9}.Debug|Any CPU.Build.0 = Debug|Any CPU
		{564A4D16-44B3-412F-96E8-1C1B466A30F9}.Release|Any CPU.ActiveCfg = Release|Any CPU
		{564A4D16-44B3-412F-96E8-1C1B466A30F9}.Release|Any CPU.Build.0 = Release|Any CPU
		{463D3132-B38D-4789-8E18-E6D4DEA8F12E}.Debug|Any CPU.ActiveCfg = Debug|Any CPU
		{463D3132-B38D-4789-8E18-E6D4DEA8F12E}.Debug|Any CPU.Build.0 = Debug|Any CPU
		{463D3132-B38D-4789-8E18-E6D4DEA8F12E}.Release|Any CPU.ActiveCfg = Release|Any CPU
		{463D3132-B38D-4789-8E18-E6D4DEA8F12E}.Release|Any CPU.Build.0 = Release|Any CPU
		{508A3B21-FE67-46A9-8E86-E1E7476A574A}.Debug|Any CPU.ActiveCfg = Debug|Any CPU
		{508A3B21-FE67-46A9-8E86-E1E7476A574A}.Debug|Any CPU.Build.0 = Debug|Any CPU
		{508A3B21-FE67-46A9-8E86-E1E7476A574A}.Release|Any CPU.ActiveCfg = Release|Any CPU
		{508A3B21-FE67-46A9-8E86-E1E7476A574A}.Release|Any CPU.Build.0 = Release|Any CPU
		{D8F010C6-4C7F-4553-B7E8-8D42C04C2788}.Debug|Any CPU.ActiveCfg = Debug|Any CPU
		{D8F010C6-4C7F-4553-B7E8-8D42C04C2788}.Debug|Any CPU.Build.0 = Debug|Any CPU
		{D8F010C6-4C7F-4553-B7E8-8D42C04C2788}.Release|Any CPU.ActiveCfg = Release|Any CPU
		{D8F010C6-4C7F-4553-B7E8-8D42C04C2788}.Release|Any CPU.Build.0 = Release|Any CPU
		{B6638849-D8CB-457D-899D-3E7E52E11FDC}.Debug|Any CPU.ActiveCfg = Debug|Any CPU
		{B6638849-D8CB-457D-899D-3E7E52E11FDC}.Debug|Any CPU.Build.0 = Debug|Any CPU
		{B6638849-D8CB-457D-899D-3E7E52E11FDC}.Release|Any CPU.ActiveCfg = Release|Any CPU
		{B6638849-D8CB-457D-899D-3E7E52E11FDC}.Release|Any CPU.Build.0 = Release|Any CPU
		{A88E20E8-5EB0-44A2-9667-0C99B0FA8226}.Debug|Any CPU.ActiveCfg = Debug|Any CPU
		{A88E20E8-5EB0-44A2-9667-0C99B0FA8226}.Debug|Any CPU.Build.0 = Debug|Any CPU
		{A88E20E8-5EB0-44A2-9667-0C99B0FA8226}.Release|Any CPU.ActiveCfg = Release|Any CPU
		{A88E20E8-5EB0-44A2-9667-0C99B0FA8226}.Release|Any CPU.Build.0 = Release|Any CPU
		{759103F7-1AE9-4BE7-9C22-7EE55E92221D}.Debug|Any CPU.ActiveCfg = Debug|Any CPU
		{759103F7-1AE9-4BE7-9C22-7EE55E92221D}.Debug|Any CPU.Build.0 = Debug|Any CPU
		{759103F7-1AE9-4BE7-9C22-7EE55E92221D}.Release|Any CPU.ActiveCfg = Release|Any CPU
		{759103F7-1AE9-4BE7-9C22-7EE55E92221D}.Release|Any CPU.Build.0 = Release|Any CPU
		{148E66BF-780F-4592-B4F5-11AC21BC8892}.Debug|Any CPU.ActiveCfg = Debug|Any CPU
		{148E66BF-780F-4592-B4F5-11AC21BC8892}.Debug|Any CPU.Build.0 = Debug|Any CPU
		{148E66BF-780F-4592-B4F5-11AC21BC8892}.Release|Any CPU.ActiveCfg = Release|Any CPU
		{148E66BF-780F-4592-B4F5-11AC21BC8892}.Release|Any CPU.Build.0 = Release|Any CPU
		{560FFAC4-46DE-4969-BF74-70EAE190F635}.Debug|Any CPU.ActiveCfg = Debug|Any CPU
		{560FFAC4-46DE-4969-BF74-70EAE190F635}.Debug|Any CPU.Build.0 = Debug|Any CPU
		{560FFAC4-46DE-4969-BF74-70EAE190F635}.Release|Any CPU.ActiveCfg = Release|Any CPU
		{560FFAC4-46DE-4969-BF74-70EAE190F635}.Release|Any CPU.Build.0 = Release|Any CPU
		{EE1371A3-2C88-4188-A754-744C12975582}.Debug|Any CPU.ActiveCfg = Debug|Any CPU
		{EE1371A3-2C88-4188-A754-744C12975582}.Debug|Any CPU.Build.0 = Debug|Any CPU
		{EE1371A3-2C88-4188-A754-744C12975582}.Release|Any CPU.ActiveCfg = Release|Any CPU
		{EE1371A3-2C88-4188-A754-744C12975582}.Release|Any CPU.Build.0 = Release|Any CPU
		{9A4103E6-B85A-4294-AE4F-A3DAD65C0E1C}.Debug|Any CPU.ActiveCfg = Debug|Any CPU
		{9A4103E6-B85A-4294-AE4F-A3DAD65C0E1C}.Debug|Any CPU.Build.0 = Debug|Any CPU
		{9A4103E6-B85A-4294-AE4F-A3DAD65C0E1C}.Release|Any CPU.ActiveCfg = Release|Any CPU
		{9A4103E6-B85A-4294-AE4F-A3DAD65C0E1C}.Release|Any CPU.Build.0 = Release|Any CPU
		{D171ECAD-830D-4874-A511-E764D2B81D6C}.Debug|Any CPU.ActiveCfg = Debug|Any CPU
		{D171ECAD-830D-4874-A511-E764D2B81D6C}.Debug|Any CPU.Build.0 = Debug|Any CPU
		{D171ECAD-830D-4874-A511-E764D2B81D6C}.Release|Any CPU.ActiveCfg = Release|Any CPU
		{D171ECAD-830D-4874-A511-E764D2B81D6C}.Release|Any CPU.Build.0 = Release|Any CPU
		{E3047495-A456-4D14-BAED-D2D8995E596C}.Debug|Any CPU.ActiveCfg = Debug|Any CPU
		{E3047495-A456-4D14-BAED-D2D8995E596C}.Debug|Any CPU.Build.0 = Debug|Any CPU
		{E3047495-A456-4D14-BAED-D2D8995E596C}.Release|Any CPU.ActiveCfg = Release|Any CPU
		{E3047495-A456-4D14-BAED-D2D8995E596C}.Release|Any CPU.Build.0 = Release|Any CPU
		{3B951B34-0673-4F9B-A544-8B9D6AFCED76}.Debug|Any CPU.ActiveCfg = Debug|Any CPU
		{3B951B34-0673-4F9B-A544-8B9D6AFCED76}.Debug|Any CPU.Build.0 = Debug|Any CPU
		{3B951B34-0673-4F9B-A544-8B9D6AFCED76}.Release|Any CPU.ActiveCfg = Release|Any CPU
		{3B951B34-0673-4F9B-A544-8B9D6AFCED76}.Release|Any CPU.Build.0 = Release|Any CPU
		{F960630F-9D34-4DA9-81E7-E262A47503BD}.Debug|Any CPU.ActiveCfg = Debug|Any CPU
		{F960630F-9D34-4DA9-81E7-E262A47503BD}.Debug|Any CPU.Build.0 = Debug|Any CPU
		{F960630F-9D34-4DA9-81E7-E262A47503BD}.Release|Any CPU.ActiveCfg = Release|Any CPU
		{F960630F-9D34-4DA9-81E7-E262A47503BD}.Release|Any CPU.Build.0 = Release|Any CPU
		{357A1D30-CA50-4E9F-A819-BAD6F6DC345E}.Debug|Any CPU.ActiveCfg = Debug|Any CPU
		{357A1D30-CA50-4E9F-A819-BAD6F6DC345E}.Debug|Any CPU.Build.0 = Debug|Any CPU
		{357A1D30-CA50-4E9F-A819-BAD6F6DC345E}.Release|Any CPU.ActiveCfg = Release|Any CPU
		{357A1D30-CA50-4E9F-A819-BAD6F6DC345E}.Release|Any CPU.Build.0 = Release|Any CPU
	EndGlobalSection
	GlobalSection(SolutionProperties) = preSolution
		HideSolutionNode = FALSE
	EndGlobalSection
	GlobalSection(NestedProjects) = preSolution
		{E6501128-0A30-425D-AF44-BCA59B2DB434} = {DB0220C8-9A32-42C8-B890-B438B807010C}
		{2E5AA527-D5F3-4CC3-A9CE-49EC236836FD} = {DB0220C8-9A32-42C8-B890-B438B807010C}
		{564A4D16-44B3-412F-96E8-1C1B466A30F9} = {DB0220C8-9A32-42C8-B890-B438B807010C}
		{463D3132-B38D-4789-8E18-E6D4DEA8F12E} = {DB0220C8-9A32-42C8-B890-B438B807010C}
		{508A3B21-FE67-46A9-8E86-E1E7476A574A} = {AA648027-40E8-44E3-97F7-1A78BA929EAD}
		{D8F010C6-4C7F-4553-B7E8-8D42C04C2788} = {AA648027-40E8-44E3-97F7-1A78BA929EAD}
		{B6638849-D8CB-457D-899D-3E7E52E11FDC} = {781F1031-3399-4DE2-BD71-4325FC3E396E}
		{A88E20E8-5EB0-44A2-9667-0C99B0FA8226} = {781F1031-3399-4DE2-BD71-4325FC3E396E}
		{759103F7-1AE9-4BE7-9C22-7EE55E92221D} = {781F1031-3399-4DE2-BD71-4325FC3E396E}
		{148E66BF-780F-4592-B4F5-11AC21BC8892} = {B0796FFB-E82F-4C38-AD08-0ADC0B3B39D1}
		{560FFAC4-46DE-4969-BF74-70EAE190F635} = {B0796FFB-E82F-4C38-AD08-0ADC0B3B39D1}
		{EE1371A3-2C88-4188-A754-744C12975582} = {B0796FFB-E82F-4C38-AD08-0ADC0B3B39D1}
		{9A4103E6-B85A-4294-AE4F-A3DAD65C0E1C} = {A92091C0-9850-47D8-BD90-94650BC5D77F}
		{D171ECAD-830D-4874-A511-E764D2B81D6C} = {A92091C0-9850-47D8-BD90-94650BC5D77F}
		{E3047495-A456-4D14-BAED-D2D8995E596C} = {A92091C0-9850-47D8-BD90-94650BC5D77F}
		{3B951B34-0673-4F9B-A544-8B9D6AFCED76} = {A92091C0-9850-47D8-BD90-94650BC5D77F}
		{F960630F-9D34-4DA9-81E7-E262A47503BD} = {5682F014-CB31-41FD-A1CF-78A667EE53CA}
		{357A1D30-CA50-4E9F-A819-BAD6F6DC345E} = {5682F014-CB31-41FD-A1CF-78A667EE53CA}
	EndGlobalSection
	GlobalSection(ExtensibilityGlobals) = postSolution
		SolutionGuid = {24039926-B9FB-40CE-BBEB-41930B4B04FD}
	EndGlobalSection
EndGlobal
